
Microsoft Visual Studio Solution File, Format Version 12.00
# Visual Studio Version 17
VisualStudioVersion = 17.9.34728.123
MinimumVisualStudioVersion = 10.0.40219.1
Project("{FAE04EC0-301F-11D3-BF4B-00C04F79EFBC}") = "Zaripov_car_service", "Zaripov_car_service\Zaripov_car_service.csproj", "{AE8F6142-3DA4-4BDC-93BB-576ABD0F2BB9}"
EndProject
Global
	GlobalSection(SolutionConfigurationPlatforms) = preSolution
		Debug|Any CPU = Debug|Any CPU
		Release|Any CPU = Release|Any CPU
	EndGlobalSection
	GlobalSection(ProjectConfigurationPlatforms) = postSolution
		{AE8F6142-3DA4-4BDC-93BB-576ABD0F2BB9}.Debug|Any CPU.ActiveCfg = Debug|Any CPU
		{AE8F6142-3DA4-4BDC-93BB-576ABD0F2BB9}.Debug|Any CPU.Build.0 = Debug|Any CPU
		{AE8F6142-3DA4-4BDC-93BB-576ABD0F2BB9}.Release|Any CPU.ActiveCfg = Release|Any CPU
		{AE8F6142-3DA4-4BDC-93BB-576ABD0F2BB9}.Release|Any CPU.Build.0 = Release|Any CPU
	EndGlobalSection
	GlobalSection(SolutionProperties) = preSolution
		HideSolutionNode = FALSE
	EndGlobalSection
	GlobalSection(ExtensibilityGlobals) = postSolution
		SolutionGuid = {81294E85-C96A-42FF-B19E-B798EC2A117B}
	EndGlobalSection
EndGlobal
